{
  "name": "jsHTTPModule",
  "lockfileVersion": 2,
  "requires": true,
  "packages": {
    "": {
      "dependencies": {
        "full-url": "^1.0.0"
      }
    },
    "node_modules/full-url": {
      "version": "1.0.0",
      "resolved": "https://registry.npmjs.org/full-url/-/full-url-1.0.0.tgz",
      "integrity": "sha1-HZO8XXH+IEUYnPwk6+2Hq3+Rn8E="
    }
  },
  "dependencies": {
    "full-url": {
      "version": "1.0.0",
      "resolved": "https://registry.npmjs.org/full-url/-/full-url-1.0.0.tgz",
      "integrity": "sha1-HZO8XXH+IEUYnPwk6+2Hq3+Rn8E="
    }
  }
}
